// !$*UTF8*$!
{
	archiveVersion = 1;
	classes = {
	};
	objectVersion = 56;
	objects = {

/* Begin PBXBuildFile section */
		EDE205C32A36F09400F5B44A /* AppDelegate.swift in Sources */ = {isa = PBXBuildFile; fileRef = EDE205C22A36F09400F5B44A /* AppDelegate.swift */; };
		EDE205C52A36F09400F5B44A /* SceneDelegate.swift in Sources */ = {isa = PBXBuildFile; fileRef = EDE205C42A36F09400F5B44A /* SceneDelegate.swift */; };
		EDE205C72A36F09400F5B44A /* ViewController.swift in Sources */ = {isa = PBXBuildFile; fileRef = EDE205C62A36F09400F5B44A /* ViewController.swift */; };
		EDE205CA2A36F09400F5B44A /* Main.storyboard in Resources */ = {isa = PBXBuildFile; fileRef = EDE205C82A36F09400F5B44A /* Main.storyboard */; };
		EDE205CD2A36F09400F5B44A /* ArtBook2.xcdatamodeld in Sources */ = {isa = PBXBuildFile; fileRef = EDE205CB2A36F09400F5B44A /* ArtBook2.xcdatamodeld */; };
		EDE205CF2A36F09400F5B44A /* Assets.xcassets in Resources */ = {isa = PBXBuildFile; fileRef = EDE205CE2A36F09400F5B44A /* Assets.xcassets */; };
		EDE205D22A36F09400F5B44A /* LaunchScreen.storyboard in Resources */ = {isa = PBXBuildFile; fileRef = EDE205D02A36F09400F5B44A /* LaunchScreen.storyboard */; };
		EDE205DA2A36F1F400F5B44A /* ViewCont2.swift in Sources */ = {isa = PBXBuildFile; fileRef = EDE205D92A36F1F400F5B44A /* ViewCont2.swift */; };
/* End PBXBuildFile section */

/* Begin PBXFileReference section */
		ED6B025B2A3C34A9003C0A3C /* select.png */ = {isa = PBXFileReference; lastKnownFileType = image.png; path = select.png; sourceTree = "<group>"; };
		EDE205BF2A36F09400F5B44A /* ArtBook2.app */ = {isa = PBXFileReference; explicitFileType = wrapper.application; includeInIndex = 0; path = ArtBook2.app; sourceTree = BUILT_PRODUCTS_DIR; };
		EDE205C22A36F09400F5B44A /* AppDelegate.swift */ = {isa = PBXFileReference; lastKnownFileType = sourcecode.swift; path = AppDelegate.swift; sourceTree = "<group>"; };
		EDE205C42A36F09400F5B44A /* SceneDelegate.swift */ = {isa = PBXFileReference; lastKnownFileType = sourcecode.swift; path = SceneDelegate.swift; sourceTree = "<group>"; };
		EDE205C62A36F09400F5B44A /* ViewController.swift */ = {isa = PBXFileReference; lastKnownFileType = sourcecode.swift; path = ViewController.swift; sourceTree = "<group>"; };
		EDE205C92A36F09400F5B44A /* Base */ = {isa = PBXFileReference; lastKnownFileType = file.storyboard; name = Base; path = Base.lproj/Main.storyboard; sourceTree = "<group>"; };
		EDE205CC2A36F09400F5B44A /* ArtBook2.xcdatamodel */ = {isa = PBXFileReference; lastKnownFileType = wrapper.xcdatamodel; path = ArtBook2.xcdatamodel; sourceTree = "<group>"; };
		EDE205CE2A36F09400F5B44A /* Assets.xcassets */ = {isa = PBXFileReference; lastKnownFileType = folder.assetcatalog; path = Assets.xcassets; sourceTree = "<group>"; };
		EDE205D12A36F09400F5B44A /* Base */ = {isa = PBXFileReference; lastKnownFileType = file.storyboard; name = Base; path = Base.lproj/LaunchScreen.storyboard; sourceTree = "<group>"; };
		EDE205D32A36F09400F5B44A /* Info.plist */ = {isa = PBXFileReference; lastKnownFileType = text.plist.xml; path = Info.plist; sourceTree = "<group>"; };
		EDE205D92A36F1F400F5B44A /* ViewCont2.swift */ = {isa = PBXFileReference; lastKnownFileType = sourcecode.swift; path = ViewCont2.swift; sourceTree = "<group>"; };
/* End PBXFileReference section */

/* Begin PBXFrameworksBuildPhase section */
		EDE205BC2A36F09400F5B44A /* Frameworks */ = {
			isa = PBXFrameworksBuildPhase;
			buildActionMask = 2147483647;
			files = (
			);
			runOnlyForDeploymentPostprocessing = 0;
		};
/* End PBXFrameworksBuildPhase section */

/* Begin PBXGroup section */
		EDE205B62A36F09400F5B44A = {
			isa = PBXGroup;
			children = (
				EDE205C12A36F09400F5B44A /* ArtBook2 */,
				EDE205C02A36F09400F5B44A /* Products */,
			);
			sourceTree = "<group>";
		};
		EDE205C02A36F09400F5B44A /* Products */ = {
			isa = PBXGroup;
			children = (
				EDE205BF2A36F09400F5B44A /* ArtBook2.app */,
			);
			name = Products;
			sourceTree = "<group>";
		};
		EDE205C12A36F09400F5B44A /* ArtBook2 */ = {
			isa = PBXGroup;
			children = (
				EDE205C22A36F09400F5B44A /* AppDelegate.swift */,
				EDE205C42A36F09400F5B44A /* SceneDelegate.swift */,
				EDE205C62A36F09400F5B44A /* ViewController.swift */,
				EDE205D92A36F1F400F5B44A /* ViewCont2.swift */,
				EDE205C82A36F09400F5B44A /* Main.storyboard */,
				EDE205CE2A36F09400F5B44A /* Assets.xcassets */,
				ED6B025B2A3C34A9003C0A3C /* select.png */,
				EDE205D02A36F09400F5B44A /* LaunchScreen.storyboard */,
				EDE205D32A36F09400F5B44A /* Info.plist */,
				EDE205CB2A36F09400F5B44A /* ArtBook2.xcdatamodeld */,
			);
			path = ArtBook2;
			sourceTree = "<group>";
		};
/* End PBXGroup section */

/* Begin PBXNativeTarget section */
		EDE205BE2A36F09400F5B44A /* ArtBook2 */ = {
			isa = PBXNativeTarget;
			buildConfigurationList = EDE205D62A36F09400F5B44A /* Build configuration list for PBXNativeTarget "ArtBook2" */;
			buildPhases = (
				EDE205BB2A36F09400F5B44A /* Sources */,
				EDE205BC2A36F09400F5B44A /* Frameworks */,
				EDE205BD2A36F09400F5B44A /* Resources */,
			);
			buildRules = (
			);
			dependencies = (
			);
			name = ArtBook2;
			productName = ArtBook2;
			productReference = EDE205BF2A36F09400F5B44A /* ArtBook2.app */;
			productType = "com.apple.product-type.application";
		};
/* End PBXNativeTarget section */

/* Begin PBXProject section */
		EDE205B72A36F09400F5B44A /* Project object */ = {
			isa = PBXProject;
			attributes = {
				BuildIndependentTargetsInParallel = 1;
				LastSwiftUpdateCheck = 1430;
				LastUpgradeCheck = 1430;
				TargetAttributes = {
					EDE205BE2A36F09400F5B44A = {
						CreatedOnToolsVersion = 14.3.1;
					};
				};
			};
			buildConfigurationList = EDE205BA2A36F09400F5B44A /* Build configuration list for PBXProject "ArtBook2" */;
			compatibilityVersion = "Xcode 14.0";
			developmentRegion = en;
			hasScannedForEncodings = 0;
			knownRegions = (
				en,
				Base,
			);
			mainGroup = EDE205B62A36F09400F5B44A;
			productRefGroup = EDE205C02A36F09400F5B44A /* Products */;
			projectDirPath = "";
			projectRoot = "";
			targets = (
				EDE205BE2A36F09400F5B44A /* ArtBook2 */,
			);
		};
/* End PBXProject section */

/* Begin PBXResourcesBuildPhase section */
		EDE205BD2A36F09400F5B44A /* Resources */ = {
			isa = PBXResourcesBuildPhase;
			buildActionMask = 2147483647;
			files = (
				EDE205D22A36F09400F5B44A /* LaunchScreen.storyboard in Resources */,
				EDE205CF2A36F09400F5B44A /* Assets.xcassets in Resources */,
				EDE205CA2A36F09400F5B44A /* Main.storyboard in Resources */,
			);
			runOnlyForDeploymentPostprocessing = 0;
		};
/* End PBXResourcesBuildPhase section */

/* Begin PBXSourcesBuildPhase section */
		EDE205BB2A36F09400F5B44A /* Sources */ = {
			isa = PBXSourcesBuildPhase;
			buildActionMask = 2147483647;
			files = (
				EDE205C72A36F09400F5B44A /* ViewController.swift in Sources */,
				EDE205CD2A36F09400F5B44A /* ArtBook2.xcdatamodeld in Sources */,
				EDE205C32A36F09400F5B44A /* AppDelegate.swift in Sources */,
				EDE205DA2A36F1F400F5B44A /* ViewCont2.swift in Sources */,
				EDE205C52A36F09400F5B44A /* SceneDelegate.swift in Sources */,
			);
			runOnlyForDeploymentPostprocessing = 0;
		};
/* End PBXSourcesBuildPhase section */

/* Begin PBXVariantGroup section */
		EDE205C82A36F09400F5B44A /* Main.storyboard */ = {
			isa = PBXVariantGroup;
			children = (
				EDE205C92A36F09400F5B44A /* Base */,
			);
			name = Main.storyboard;
			sourceTree = "<group>";
		};
		EDE205D02A36F09400F5B44A /* LaunchScreen.storyboard */ = {
			isa = PBXVariantGroup;
			children = (
				EDE205D12A36F09400F5B44A /* Base */,
			);
			name = LaunchScreen.storyboard;
			sourceTree = "<group>";
		};
/* End PBXVariantGroup section */

/* Begin XCBuildConfiguration section */
		EDE205D42A36F09400F5B44A /* Debug */ = {
			isa = XCBuildConfiguration;
			buildSettings = {
				ALWAYS_SEARCH_USER_PATHS = NO;
				CLANG_ANALYZER_NONNULL = YES;
				CLANG_ANALYZER_NUMBER_OBJECT_CONVERSION = YES_AGGRESSIVE;
				CLANG_CXX_LANGUAGE_STANDARD = "gnu++20";
				CLANG_ENABLE_MODULES = YES;
				CLANG_ENABLE_OBJC_ARC = YES;
				CLANG_ENABLE_OBJC_WEAK = YES;
				CLANG_WARN_BLOCK_CAPTURE_AUTORELEASING = YES;
				CLANG_WARN_BOOL_CONVERSION = YES;
				CLANG_WARN_COMMA = YES;
				CLANG_WARN_CONSTANT_CONVERSION = YES;
				CLANG_WARN_DEPRECATED_OBJC_IMPLEMENTATIONS = YES;
				CLANG_WARN_DIRECT_OBJC_ISA_USAGE = YES_ERROR;
				CLANG_WARN_DOCUMENTATION_COMMENTS = YES;
				CLANG_WARN_EMPTY_BODY = YES;
				CLANG_WARN_ENUM_CONVERSION = YES;
				CLANG_WARN_INFINITE_RECURSION = YES;
				CLANG_WARN_INT_CONVERSION = YES;
				CLANG_WARN_NON_LITERAL_NULL_CONVERSION = YES;
				CLANG_WARN_OBJC_IMPLICIT_RETAIN_SELF = YES;
				CLANG_WARN_OBJC_LITERAL_CONVERSION = YES;
				CLANG_WARN_OBJC_ROOT_CLASS = YES_ERROR;
				CLANG_WARN_QUOTED_INCLUDE_IN_FRAMEWORK_HEADER = YES;
				CLANG_WARN_RANGE_LOOP_ANALYSIS = YES;
				CLANG_WARN_STRICT_PROTOTYPES = YES;
				CLANG_WARN_SUSPICIOUS_MOVE = YES;
				CLANG_WARN_UNGUARDED_AVAILABILITY = YES_AGGRESSIVE;
				CLANG_WARN_UNREACHABLE_CODE = YES;
				CLANG_WARN__DUPLICATE_METHOD_MATCH = YES;
				COPY_PHASE_STRIP = NO;
				DEBUG_INFORMATION_FORMAT = dwarf;
				ENABLE_STRICT_OBJC_MSGSEND = YES;
				ENABLE_TESTABILITY = YES;
				GCC_C_LANGUAGE_STANDARD = gnu11;
				GCC_DYNAMIC_NO_PIC = NO;
				GCC_NO_COMMON_BLOCKS = YES;
				GCC_OPTIMIZATION_LEVEL = 0;
				GCC_PREPROCESSOR_DEFINITIONS = (
					"DEBUG=1",
					"$(inherited)",
				);
				GCC_WARN_64_TO_32_BIT_CONVERSION = YES;
				GCC_WARN_ABOUT_RETURN_TYPE = YES_ERROR;
				GCC_WARN_UNDECLARED_SELECTOR = YES;
				GCC_WARN_UNINITIALIZED_AUTOS = YES_AGGRESSIVE;
				GCC_WARN_UNUSED_FUNCTION = YES;
				GCC_WARN_UNUSED_VARIABLE = YES;
				IPHONEOS_DEPLOYMENT_TARGET = 16.4;
				MTL_ENABLE_DEBUG_INFO = INCLUDE_SOURCE;
				MTL_FAST_MATH = YES;
				ONLY_ACTIVE_ARCH = YES;
				SDKROOT = iphoneos;
				SWIFT_ACTIVE_COMPILATION_CONDITIONS = DEBUG;
				SWIFT_OPTIMIZATION_LEVEL = "-Onone";
			};
			name = Debug;
		};
		EDE205D52A36F09400F5B44A /* Release */ = {
			isa = XCBuildConfiguration;
			buildSettings = {
				ALWAYS_SEARCH_USER_PATHS = NO;
				CLANG_ANALYZER_NONNULL = YES;
				CLANG_ANALYZER_NUMBER_OBJECT_CONVERSION = YES_AGGRESSIVE;
				CLANG_CXX_LANGUAGE_STANDARD = "gnu++20";
				CLANG_ENABLE_MODULES = YES;
				CLANG_ENABLE_OBJC_ARC = YES;
				CLANG_ENABLE_OBJC_WEAK = YES;
				CLANG_WARN_BLOCK_CAPTURE_AUTORELEASING = YES;
				CLANG_WARN_BOOL_CONVERSION = YES;
				CLANG_WARN_COMMA = YES;
				CLANG_WARN_CONSTANT_CONVERSION = YES;
				CLANG_WARN_DEPRECATED_OBJC_IMPLEMENTATIONS = YES;
				CLANG_WARN_DIRECT_OBJC_ISA_USAGE = YES_ERROR;
				CLANG_WARN_DOCUMENTATION_COMMENTS = YES;
				CLANG_WARN_EMPTY_BODY = YES;
				CLANG_WARN_ENUM_CONVERSION = YES;
				CLANG_WARN_INFINITE_RECURSION = YES;
				CLANG_WARN_INT_CONVERSION = YES;
				CLANG_WARN_NON_LITERAL_NULL_CONVERSION = YES;
				CLANG_WARN_OBJC_IMPLICIT_RETAIN_SELF = YES;
				CLANG_WARN_OBJC_LITERAL_CONVERSION = YES;
				CLANG_WARN_OBJC_ROOT_CLASS = YES_ERROR;
				CLANG_WARN_QUOTED_INCLUDE_IN_FRAMEWORK_HEADER = YES;
				CLANG_WARN_RANGE_LOOP_ANALYSIS = YES;
				CLANG_WARN_STRICT_PROTOTYPES = YES;
				CLANG_WARN_SUSPICIOUS_MOVE = YES;
				CLANG_WARN_UNGUARDED_AVAILABILITY = YES_AGGRESSIVE;
				CLANG_WARN_UNREACHABLE_CODE = YES;
				CLANG_WARN__DUPLICATE_METHOD_MATCH = YES;
				COPY_PHASE_STRIP = NO;
				DEBUG_INFORMATION_FORMAT = "dwarf-with-dsym";
				ENABLE_NS_ASSERTIONS = NO;
				ENABLE_STRICT_OBJC_MSGSEND = YES;
				GCC_C_LANGUAGE_STANDARD = gnu11;
				GCC_NO_COMMON_BLOCKS = YES;
				GCC_WARN_64_TO_32_BIT_CONVERSION = YES;
				GCC_WARN_ABOUT_RETURN_TYPE = YES_ERROR;
				GCC_WARN_UNDECLARED_SELECTOR = YES;
				GCC_WARN_UNINITIALIZED_AUTOS = YES_AGGRESSIVE;
				GCC_WARN_UNUSED_FUNCTION = YES;
				GCC_WARN_UNUSED_VARIABLE = YES;
				IPHONEOS_DEPLOYMENT_TARGET = 16.4;
				MTL_ENABLE_DEBUG_INFO = NO;
				MTL_FAST_MATH = YES;
				SDKROOT = iphoneos;
				SWIFT_COMPILATION_MODE = wholemodule;
				SWIFT_OPTIMIZATION_LEVEL = "-O";
				VALIDATE_PRODUCT = YES;
			};
			name = Release;
		};
		EDE205D72A36F09400F5B44A /* Debug */ = {
			isa = XCBuildConfiguration;
			buildSettings = {
				ASSETCATALOG_COMPILER_APPICON_NAME = AppIcon;
				ASSETCATALOG_COMPILER_GLOBAL_ACCENT_COLOR_NAME = AccentColor;
				CODE_SIGN_STYLE = Automatic;
				CURRENT_PROJECT_VERSION = 1;
				DEVELOPMENT_TEAM = SSXFLUUJ4T;
				GENERATE_INFOPLIST_FILE = YES;
				INFOPLIST_FILE = ArtBook2/Info.plist;
				INFOPLIST_KEY_UIApplicationSupportsIndirectInputEvents = YES;
				INFOPLIST_KEY_UILaunchStoryboardName = LaunchScreen;
				INFOPLIST_KEY_UIMainStoryboardFile = Main;
				INFOPLIST_KEY_UISupportedInterfaceOrientations_iPad = "UIInterfaceOrientationPortrait UIInterfaceOrientationPortraitUpsideDown UIInterfaceOrientationLandscapeLeft UIInterfaceOrientationLandscapeRight";
				INFOPLIST_KEY_UISupportedInterfaceOrientations_iPhone = "UIInterfaceOrientationPortrait UIInterfaceOrientationLandscapeLeft UIInterfaceOrientationLandscapeRight";
				LD_RUNPATH_SEARCH_PATHS = (
					"$(inherited)",
					"@executable_path/Frameworks",
				);
				MARKETING_VERSION = 1.0;
				PRODUCT_BUNDLE_IDENTIFIER = com.ufukcanyuksel.ArtBook2;
				PRODUCT_NAME = "$(TARGET_NAME)";
				SWIFT_EMIT_LOC_STRINGS = YES;
				SWIFT_VERSION = 5.0;
				TARGETED_DEVICE_FAMILY = "1,2";
			};
			name = Debug;
		};
		EDE205D82A36F09400F5B44A /* Release */ = {
			isa = XCBuildConfiguration;
			buildSettings = {
				ASSETCATALOG_COMPILER_APPICON_NAME = AppIcon;
				ASSETCATALOG_COMPILER_GLOBAL_ACCENT_COLOR_NAME = AccentColor;
				CODE_SIGN_STYLE = Automatic;
				CURRENT_PROJECT_VERSION = 1;
				DEVELOPMENT_TEAM = SSXFLUUJ4T;
				GENERATE_INFOPLIST_FILE = YES;
				INFOPLIST_FILE = ArtBook2/Info.plist;
				INFOPLIST_KEY_UIApplicationSupportsIndirectInputEvents = YES;
				INFOPLIST_KEY_UILaunchStoryboardName = LaunchScreen;
				INFOPLIST_KEY_UIMainStoryboardFile = Main;
				INFOPLIST_KEY_UISupportedInterfaceOrientations_iPad = "UIInterfaceOrientationPortrait UIInterfaceOrientationPortraitUpsideDown UIInterfaceOrientationLandscapeLeft UIInterfaceOrientationLandscapeRight";
				INFOPLIST_KEY_UISupportedInterfaceOrientations_iPhone = "UIInterfaceOrientationPortrait UIInterfaceOrientationLandscapeLeft UIInterfaceOrientationLandscapeRight";
				LD_RUNPATH_SEARCH_PATHS = (
					"$(inherited)",
					"@executable_path/Frameworks",
				);
				MARKETING_VERSION = 1.0;
				PRODUCT_BUNDLE_IDENTIFIER = com.ufukcanyuksel.ArtBook2;
				PRODUCT_NAME = "$(TARGET_NAME)";
				SWIFT_EMIT_LOC_STRINGS = YES;
				SWIFT_VERSION = 5.0;
				TARGETED_DEVICE_FAMILY = "1,2";
			};
			name = Release;
		};
/* End XCBuildConfiguration section */

/* Begin XCConfigurationList section */
		EDE205BA2A36F09400F5B44A /* Build configuration list for PBXProject "ArtBook2" */ = {
			isa = XCConfigurationList;
			buildConfigurations = (
				EDE205D42A36F09400F5B44A /* Debug */,
				EDE205D52A36F09400F5B44A /* Release */,
			);
			defaultConfigurationIsVisible = 0;
			defaultConfigurationName = Release;
		};
		EDE205D62A36F09400F5B44A /* Build configuration list for PBXNativeTarget "ArtBook2" */ = {
			isa = XCConfigurationList;
			buildConfigurations = (
				EDE205D72A36F09400F5B44A /* Debug */,
				EDE205D82A36F09400F5B44A /* Release */,
			);
			defaultConfigurationIsVisible = 0;
			defaultConfigurationName = Release;
		};
/* End XCConfigurationList section */

/* Begin XCVersionGroup section */
		EDE205CB2A36F09400F5B44A /* ArtBook2.xcdatamodeld */ = {
			isa = XCVersionGroup;
			children = (
				EDE205CC2A36F09400F5B44A /* ArtBook2.xcdatamodel */,
			);
			currentVersion = EDE205CC2A36F09400F5B44A /* ArtBook2.xcdatamodel */;
			path = ArtBook2.xcdatamodeld;
			sourceTree = "<group>";
			versionGroupType = wrapper.xcdatamodel;
		};
/* End XCVersionGroup section */
	};
	rootObject = EDE205B72A36F09400F5B44A /* Project object */;
}
